// !$*UTF8*$!
{
	archiveVersion = 1;
	classes = {
	};
	objectVersion = 50;
	objects = {

/* Begin PBXBuildFile section */
		85D44E0F26DFC90B003277AF /* SwiftUIStudyApp.swift in Sources */ = {isa = PBXBuildFile; fileRef = 85D44E0E26DFC90B003277AF /* SwiftUIStudyApp.swift */; };
		85D44E1126DFC90B003277AF /* ContentView.swift in Sources */ = {isa = PBXBuildFile; fileRef = 85D44E1026DFC90B003277AF /* ContentView.swift */; };
		85D44E1326DFC90F003277AF /* Assets.xcassets in Resources */ = {isa = PBXBuildFile; fileRef = 85D44E1226DFC90F003277AF /* Assets.xcassets */; };
		85D44E1626DFC90F003277AF /* Preview Assets.xcassets in Resources */ = {isa = PBXBuildFile; fileRef = 85D44E1526DFC90F003277AF /* Preview Assets.xcassets */; };
		85D44E1826DFC90F003277AF /* Persistence.swift in Sources */ = {isa = PBXBuildFile; fileRef = 85D44E1726DFC90F003277AF /* Persistence.swift */; };
		85D44E1B26DFC90F003277AF /* SwiftUIStudy.xcdatamodeld in Sources */ = {isa = PBXBuildFile; fileRef = 85D44E1926DFC90F003277AF /* SwiftUIStudy.xcdatamodeld */; };
		85D44E2626DFC90F003277AF /* SwiftUIStudyTests.swift in Sources */ = {isa = PBXBuildFile; fileRef = 85D44E2526DFC90F003277AF /* SwiftUIStudyTests.swift */; };
		85D44E3126DFC90F003277AF /* SwiftUIStudyUITests.swift in Sources */ = {isa = PBXBuildFile; fileRef = 85D44E3026DFC90F003277AF /* SwiftUIStudyUITests.swift */; };
/* End PBXBuildFile section */

/* Begin PBXContainerItemProxy section */
		85D44E2226DFC90F003277AF /* PBXContainerItemProxy */ = {
			isa = PBXContainerItemProxy;
			containerPortal = 85D44E0326DFC90B003277AF /* Project object */;
			proxyType = 1;
			remoteGlobalIDString = 85D44E0A26DFC90B003277AF;
			remoteInfo = SwiftUIStudy;
		};
		85D44E2D26DFC90F003277AF /* PBXContainerItemProxy */ = {
			isa = PBXContainerItemProxy;
			containerPortal = 85D44E0326DFC90B003277AF /* Project object */;
			proxyType = 1;
			remoteGlobalIDString = 85D44E0A26DFC90B003277AF;
			remoteInfo = SwiftUIStudy;
		};
/* End PBXContainerItemProxy section */

/* Begin PBXFileReference section */
		85D44E0B26DFC90B003277AF /* SwiftUIStudy.app */ = {isa = PBXFileReference; explicitFileType = wrapper.application; includeInIndex = 0; path = SwiftUIStudy.app; sourceTree = BUILT_PRODUCTS_DIR; };
		85D44E0E26DFC90B003277AF /* SwiftUIStudyApp.swift */ = {isa = PBXFileReference; lastKnownFileType = sourcecode.swift; path = SwiftUIStudyApp.swift; sourceTree = "<group>"; };
		85D44E1026DFC90B003277AF /* ContentView.swift */ = {isa = PBXFileReference; lastKnownFileType = sourcecode.swift; path = ContentView.swift; sourceTree = "<group>"; };
		85D44E1226DFC90F003277AF /* Assets.xcassets */ = {isa = PBXFileReference; lastKnownFileType = folder.assetcatalog; path = Assets.xcassets; sourceTree = "<group>"; };
		85D44E1526DFC90F003277AF /* Preview Assets.xcassets */ = {isa = PBXFileReference; lastKnownFileType = folder.assetcatalog; path = "Preview Assets.xcassets"; sourceTree = "<group>"; };
		85D44E1726DFC90F003277AF /* Persistence.swift */ = {isa = PBXFileReference; lastKnownFileType = sourcecode.swift; path = Persistence.swift; sourceTree = "<group>"; };
		85D44E1A26DFC90F003277AF /* SwiftUIStudy.xcdatamodel */ = {isa = PBXFileReference; lastKnownFileType = wrapper.xcdatamodel; path = SwiftUIStudy.xcdatamodel; sourceTree = "<group>"; };
		85D44E1C26DFC90F003277AF /* Info.plist */ = {isa = PBXFileReference; lastKnownFileType = text.plist.xml; path = Info.plist; sourceTree = "<group>"; };
		85D44E2126DFC90F003277AF /* SwiftUIStudyTests.xctest */ = {isa = PBXFileReference; explicitFileType = wrapper.cfbundle; includeInIndex = 0; path = SwiftUIStudyTests.xctest; sourceTree = BUILT_PRODUCTS_DIR; };
		85D44E2526DFC90F003277AF /* SwiftUIStudyTests.swift */ = {isa = PBXFileReference; lastKnownFileType = sourcecode.swift; path = SwiftUIStudyTests.swift; sourceTree = "<group>"; };
		85D44E2726DFC90F003277AF /* Info.plist */ = {isa = PBXFileReference; lastKnownFileType = text.plist.xml; path = Info.plist; sourceTree = "<group>"; };
		85D44E2C26DFC90F003277AF /* SwiftUIStudyUITests.xctest */ = {isa = PBXFileReference; explicitFileType = wrapper.cfbundle; includeInIndex = 0; path = SwiftUIStudyUITests.xctest; sourceTree = BUILT_PRODUCTS_DIR; };
		85D44E3026DFC90F003277AF /* SwiftUIStudyUITests.swift */ = {isa = PBXFileReference; lastKnownFileType = sourcecode.swift; path = SwiftUIStudyUITests.swift; sourceTree = "<group>"; };
		85D44E3226DFC90F003277AF /* Info.plist */ = {isa = PBXFileReference; lastKnownFileType = text.plist.xml; path = Info.plist; sourceTree = "<group>"; };
/* End PBXFileReference section */

/* Begin PBXFrameworksBuildPhase section */
		85D44E0826DFC90B003277AF /* Frameworks */ = {
			isa = PBXFrameworksBuildPhase;
			buildActionMask = 2147483647;
			files = (
			);
			runOnlyForDeploymentPostprocessing = 0;
		};
		85D44E1E26DFC90F003277AF /* Frameworks */ = {
			isa = PBXFrameworksBuildPhase;
			buildActionMask = 2147483647;
			files = (
			);
			runOnlyForDeploymentPostprocessing = 0;
		};
		85D44E2926DFC90F003277AF /* Frameworks */ = {
			isa = PBXFrameworksBuildPhase;
			buildActionMask = 2147483647;
			files = (
			);
			runOnlyForDeploymentPostprocessing = 0;
		};
/* End PBXFrameworksBuildPhase section */

/* Begin PBXGroup section */
		85D44E0226DFC90B003277AF = {
			isa = PBXGroup;
			children = (
				85D44E0D26DFC90B003277AF /* SwiftUIStudy */,
				85D44E2426DFC90F003277AF /* SwiftUIStudyTests */,
				85D44E2F26DFC90F003277AF /* SwiftUIStudyUITests */,
				85D44E0C26DFC90B003277AF /* Products */,
			);
			sourceTree = "<group>";
		};
		85D44E0C26DFC90B003277AF /* Products */ = {
			isa = PBXGroup;
			children = (
				85D44E0B26DFC90B003277AF /* SwiftUIStudy.app */,
				85D44E2126DFC90F003277AF /* SwiftUIStudyTests.xctest */,
				85D44E2C26DFC90F003277AF /* SwiftUIStudyUITests.xctest */,
			);
			name = Products;
			sourceTree = "<group>";
		};
		85D44E0D26DFC90B003277AF /* SwiftUIStudy */ = {
			isa = PBXGroup;
			children = (
				85D44E0E26DFC90B003277AF /* SwiftUIStudyApp.swift */,
				85D44E1026DFC90B003277AF /* ContentView.swift */,
				85D44E1226DFC90F003277AF /* Assets.xcassets */,
				85D44E1726DFC90F003277AF /* Persistence.swift */,
				85D44E1C26DFC90F003277AF /* Info.plist */,
				85D44E1926DFC90F003277AF /* SwiftUIStudy.xcdatamodeld */,
				85D44E1426DFC90F003277AF /* Preview Content */,
			);
			path = SwiftUIStudy;
			sourceTree = "<group>";
		};
		85D44E1426DFC90F003277AF /* Preview Content */ = {
			isa = PBXGroup;
			children = (
				85D44E1526DFC90F003277AF /* Preview Assets.xcassets */,
			);
			path = "Preview Content";
			sourceTree = "<group>";
		};
		85D44E2426DFC90F003277AF /* SwiftUIStudyTests */ = {
			isa = PBXGroup;
			children = (
				85D44E2526DFC90F003277AF /* SwiftUIStudyTests.swift */,
				85D44E2726DFC90F003277AF /* Info.plist */,
			);
			path = SwiftUIStudyTests;
			sourceTree = "<group>";
		};
		85D44E2F26DFC90F003277AF /* SwiftUIStudyUITests */ = {
			isa = PBXGroup;
			children = (
				85D44E3026DFC90F003277AF /* SwiftUIStudyUITests.swift */,
				85D44E3226DFC90F003277AF /* Info.plist */,
			);
			path = SwiftUIStudyUITests;
			sourceTree = "<group>";
		};
/* End PBXGroup section */

/* Begin PBXNativeTarget section */
		85D44E0A26DFC90B003277AF /* SwiftUIStudy */ = {
			isa = PBXNativeTarget;
			buildConfigurationList = 85D44E3526DFC90F003277AF /* Build configuration list for PBXNativeTarget "SwiftUIStudy" */;
			buildPhases = (
				85D44E0726DFC90B003277AF /* Sources */,
				85D44E0826DFC90B003277AF /* Frameworks */,
				85D44E0926DFC90B003277AF /* Resources */,
			);
			buildRules = (
			);
			dependencies = (
			);
			name = SwiftUIStudy;
			productName = SwiftUIStudy;
			productReference = 85D44E0B26DFC90B003277AF /* SwiftUIStudy.app */;
			productType = "com.apple.product-type.application";
		};
		85D44E2026DFC90F003277AF /* SwiftUIStudyTests */ = {
			isa = PBXNativeTarget;
			buildConfigurationList = 85D44E3826DFC90F003277AF /* Build configuration list for PBXNativeTarget "SwiftUIStudyTests" */;
			buildPhases = (
				85D44E1D26DFC90F003277AF /* Sources */,
				85D44E1E26DFC90F003277AF /* Frameworks */,
				85D44E1F26DFC90F003277AF /* Resources */,
			);
			buildRules = (
			);
			dependencies = (
				85D44E2326DFC90F003277AF /* PBXTargetDependency */,
			);
			name = SwiftUIStudyTests;
			productName = SwiftUIStudyTests;
			productReference = 85D44E2126DFC90F003277AF /* SwiftUIStudyTests.xctest */;
			productType = "com.apple.product-type.bundle.unit-test";
		};
		85D44E2B26DFC90F003277AF /* SwiftUIStudyUITests */ = {
			isa = PBXNativeTarget;
			buildConfigurationList = 85D44E3B26DFC90F003277AF /* Build configuration list for PBXNativeTarget "SwiftUIStudyUITests" */;
			buildPhases = (
				85D44E2826DFC90F003277AF /* Sources */,
				85D44E2926DFC90F003277AF /* Frameworks */,
				85D44E2A26DFC90F003277AF /* Resources */,
			);
			buildRules = (
			);
			dependencies = (
				85D44E2E26DFC90F003277AF /* PBXTargetDependency */,
			);
			name = SwiftUIStudyUITests;
			productName = SwiftUIStudyUITests;
			productReference = 85D44E2C26DFC90F003277AF /* SwiftUIStudyUITests.xctest */;
			productType = "com.apple.product-type.bundle.ui-testing";
		};
/* End PBXNativeTarget section */

/* Begin PBXProject section */
		85D44E0326DFC90B003277AF /* Project object */ = {
			isa = PBXProject;
			attributes = {
				LastSwiftUpdateCheck = 1250;
				LastUpgradeCheck = 1250;
				TargetAttributes = {
					85D44E0A26DFC90B003277AF = {
						CreatedOnToolsVersion = 12.5.1;
					};
					85D44E2026DFC90F003277AF = {
						CreatedOnToolsVersion = 12.5.1;
						TestTargetID = 85D44E0A26DFC90B003277AF;
					};
					85D44E2B26DFC90F003277AF = {
						CreatedOnToolsVersion = 12.5.1;
						TestTargetID = 85D44E0A26DFC90B003277AF;
					};
				};
			};
			buildConfigurationList = 85D44E0626DFC90B003277AF /* Build configuration list for PBXProject "SwiftUIStudy" */;
			compatibilityVersion = "Xcode 9.3";
			developmentRegion = en;
			hasScannedForEncodings = 0;
			knownRegions = (
				en,
				Base,
			);
			mainGroup = 85D44E0226DFC90B003277AF;
			productRefGroup = 85D44E0C26DFC90B003277AF /* Products */;
			projectDirPath = "";
			projectRoot = "";
			targets = (
				85D44E0A26DFC90B003277AF /* SwiftUIStudy */,
				85D44E2026DFC90F003277AF /* SwiftUIStudyTests */,
				85D44E2B26DFC90F003277AF /* SwiftUIStudyUITests */,
			);
		};
/* End PBXProject section */

/* Begin PBXResourcesBuildPhase section */
		85D44E0926DFC90B003277AF /* Resources */ = {
			isa = PBXResourcesBuildPhase;
			buildActionMask = 2147483647;
			files = (
				85D44E1626DFC90F003277AF /* Preview Assets.xcassets in Resources */,
				85D44E1326DFC90F003277AF /* Assets.xcassets in Resources */,
			);
			runOnlyForDeploymentPostprocessing = 0;
		};
		85D44E1F26DFC90F003277AF /* Resources */ = {
			isa = PBXResourcesBuildPhase;
			buildActionMask = 2147483647;
			files = (
			);
			runOnlyForDeploymentPostprocessing = 0;
		};
		85D44E2A26DFC90F003277AF /* Resources */ = {
			isa = PBXResourcesBuildPhase;
			buildActionMask = 2147483647;
			files = (
			);
			runOnlyForDeploymentPostprocessing = 0;
		};
/* End PBXResourcesBuildPhase section */

/* Begin PBXSourcesBuildPhase section */
		85D44E0726DFC90B003277AF /* Sources */ = {
			isa = PBXSourcesBuildPhase;
			buildActionMask = 2147483647;
			files = (
				85D44E1826DFC90F003277AF /* Persistence.swift in Sources */,
				85D44E1B26DFC90F003277AF /* SwiftUIStudy.xcdatamodeld in Sources */,
				85D44E1126DFC90B003277AF /* ContentView.swift in Sources */,
				85D44E0F26DFC90B003277AF /* SwiftUIStudyApp.swift in Sources */,
			);
			runOnlyForDeploymentPostprocessing = 0;
		};
		85D44E1D26DFC90F003277AF /* Sources */ = {
			isa = PBXSourcesBuildPhase;
			buildActionMask = 2147483647;
			files = (
				85D44E2626DFC90F003277AF /* SwiftUIStudyTests.swift in Sources */,
			);
			runOnlyForDeploymentPostprocessing = 0;
		};
		85D44E2826DFC90F003277AF /* Sources */ = {
			isa = PBXSourcesBuildPhase;
			buildActionMask = 2147483647;
			files = (
				85D44E3126DFC90F003277AF /* SwiftUIStudyUITests.swift in Sources */,
			);
			runOnlyForDeploymentPostprocessing = 0;
		};
/* End PBXSourcesBuildPhase section */

/* Begin PBXTargetDependency section */
		85D44E2326DFC90F003277AF /* PBXTargetDependency */ = {
			isa = PBXTargetDependency;
			target = 85D44E0A26DFC90B003277AF /* SwiftUIStudy */;
			targetProxy = 85D44E2226DFC90F003277AF /* PBXContainerItemProxy */;
		};
		85D44E2E26DFC90F003277AF /* PBXTargetDependency */ = {
			isa = PBXTargetDependency;
			target = 85D44E0A26DFC90B003277AF /* SwiftUIStudy */;
			targetProxy = 85D44E2D26DFC90F003277AF /* PBXContainerItemProxy */;
		};
/* End PBXTargetDependency section */

/* Begin XCBuildConfiguration section */
		85D44E3326DFC90F003277AF /* Debug */ = {
			isa = XCBuildConfiguration;
			buildSettings = {
				ALWAYS_SEARCH_USER_PATHS = NO;
				CLANG_ANALYZER_NONNULL = YES;
				CLANG_ANALYZER_NUMBER_OBJECT_CONVERSION = YES_AGGRESSIVE;
				CLANG_CXX_LANGUAGE_STANDARD = "gnu++14";
				CLANG_CXX_LIBRARY = "libc++";
				CLANG_ENABLE_MODULES = YES;
				CLANG_ENABLE_OBJC_ARC = YES;
				CLANG_ENABLE_OBJC_WEAK = YES;
				CLANG_WARN_BLOCK_CAPTURE_AUTORELEASING = YES;
				CLANG_WARN_BOOL_CONVERSION = YES;
				CLANG_WARN_COMMA = YES;
				CLANG_WARN_CONSTANT_CONVERSION = YES;
				CLANG_WARN_DEPRECATED_OBJC_IMPLEMENTATIONS = YES;
				CLANG_WARN_DIRECT_OBJC_ISA_USAGE = YES_ERROR;
				CLANG_WARN_DOCUMENTATION_COMMENTS = YES;
				CLANG_WARN_EMPTY_BODY = YES;
				CLANG_WARN_ENUM_CONVERSION = YES;
				CLANG_WARN_INFINITE_RECURSION = YES;
				CLANG_WARN_INT_CONVERSION = YES;
				CLANG_WARN_NON_LITERAL_NULL_CONVERSION = YES;
				CLANG_WARN_OBJC_IMPLICIT_RETAIN_SELF = YES;
				CLANG_WARN_OBJC_LITERAL_CONVERSION = YES;
				CLANG_WARN_OBJC_ROOT_CLASS = YES_ERROR;
				CLANG_WARN_QUOTED_INCLUDE_IN_FRAMEWORK_HEADER = YES;
				CLANG_WARN_RANGE_LOOP_ANALYSIS = YES;
				CLANG_WARN_STRICT_PROTOTYPES = YES;
				CLANG_WARN_SUSPICIOUS_MOVE = YES;
				CLANG_WARN_UNGUARDED_AVAILABILITY = YES_AGGRESSIVE;
				CLANG_WARN_UNREACHABLE_CODE = YES;
				CLANG_WARN__DUPLICATE_METHOD_MATCH = YES;
				COPY_PHASE_STRIP = NO;
				DEBUG_INFORMATION_FORMAT = dwarf;
				ENABLE_STRICT_OBJC_MSGSEND = YES;
				ENABLE_TESTABILITY = YES;
				GCC_C_LANGUAGE_STANDARD = gnu11;
				GCC_DYNAMIC_NO_PIC = NO;
				GCC_NO_COMMON_BLOCKS = YES;
				GCC_OPTIMIZATION_LEVEL = 0;
				GCC_PREPROCESSOR_DEFINITIONS = (
					"DEBUG=1",
					"$(inherited)",
				);
				GCC_WARN_64_TO_32_BIT_CONVERSION = YES;
				GCC_WARN_ABOUT_RETURN_TYPE = YES_ERROR;
				GCC_WARN_UNDECLARED_SELECTOR = YES;
				GCC_WARN_UNINITIALIZED_AUTOS = YES_AGGRESSIVE;
				GCC_WARN_UNUSED_FUNCTION = YES;
				GCC_WARN_UNUSED_VARIABLE = YES;
				IPHONEOS_DEPLOYMENT_TARGET = 14.5;
				MTL_ENABLE_DEBUG_INFO = INCLUDE_SOURCE;
				MTL_FAST_MATH = YES;
				ONLY_ACTIVE_ARCH = YES;
				SDKROOT = iphoneos;
				SWIFT_ACTIVE_COMPILATION_CONDITIONS = DEBUG;
				SWIFT_OPTIMIZATION_LEVEL = "-Onone";
			};
			name = Debug;
		};
		85D44E3426DFC90F003277AF /* Release */ = {
			isa = XCBuildConfiguration;
			buildSettings = {
				ALWAYS_SEARCH_USER_PATHS = NO;
				CLANG_ANALYZER_NONNULL = YES;
				CLANG_ANALYZER_NUMBER_OBJECT_CONVERSION = YES_AGGRESSIVE;
				CLANG_CXX_LANGUAGE_STANDARD = "gnu++14";
				CLANG_CXX_LIBRARY = "libc++";
				CLANG_ENABLE_MODULES = YES;
				CLANG_ENABLE_OBJC_ARC = YES;
				CLANG_ENABLE_OBJC_WEAK = YES;
				CLANG_WARN_BLOCK_CAPTURE_AUTORELEASING = YES;
				CLANG_WARN_BOOL_CONVERSION = YES;
				CLANG_WARN_COMMA = YES;
				CLANG_WARN_CONSTANT_CONVERSION = YES;
				CLANG_WARN_DEPRECATED_OBJC_IMPLEMENTATIONS = YES;
				CLANG_WARN_DIRECT_OBJC_ISA_USAGE = YES_ERROR;
				CLANG_WARN_DOCUMENTATION_COMMENTS = YES;
				CLANG_WARN_EMPTY_BODY = YES;
				CLANG_WARN_ENUM_CONVERSION = YES;
				CLANG_WARN_INFINITE_RECURSION = YES;
				CLANG_WARN_INT_CONVERSION = YES;
				CLANG_WARN_NON_LITERAL_NULL_CONVERSION = YES;
				CLANG_WARN_OBJC_IMPLICIT_RETAIN_SELF = YES;
				CLANG_WARN_OBJC_LITERAL_CONVERSION = YES;
				CLANG_WARN_OBJC_ROOT_CLASS = YES_ERROR;
				CLANG_WARN_QUOTED_INCLUDE_IN_FRAMEWORK_HEADER = YES;
				CLANG_WARN_RANGE_LOOP_ANALYSIS = YES;
				CLANG_WARN_STRICT_PROTOTYPES = YES;
				CLANG_WARN_SUSPICIOUS_MOVE = YES;
				CLANG_WARN_UNGUARDED_AVAILABILITY = YES_AGGRESSIVE;
				CLANG_WARN_UNREACHABLE_CODE = YES;
				CLANG_WARN__DUPLICATE_METHOD_MATCH = YES;
				COPY_PHASE_STRIP = NO;
				DEBUG_INFORMATION_FORMAT = "dwarf-with-dsym";
				ENABLE_NS_ASSERTIONS = NO;
				ENABLE_STRICT_OBJC_MSGSEND = YES;
				GCC_C_LANGUAGE_STANDARD = gnu11;
				GCC_NO_COMMON_BLOCKS = YES;
				GCC_WARN_64_TO_32_BIT_CONVERSION = YES;
				GCC_WARN_ABOUT_RETURN_TYPE = YES_ERROR;
				GCC_WARN_UNDECLARED_SELECTOR = YES;
				GCC_WARN_UNINITIALIZED_AUTOS = YES_AGGRESSIVE;
				GCC_WARN_UNUSED_FUNCTION = YES;
				GCC_WARN_UNUSED_VARIABLE = YES;
				IPHONEOS_DEPLOYMENT_TARGET = 14.5;
				MTL_ENABLE_DEBUG_INFO = NO;
				MTL_FAST_MATH = YES;
				SDKROOT = iphoneos;
				SWIFT_COMPILATION_MODE = wholemodule;
				SWIFT_OPTIMIZATION_LEVEL = "-O";
				VALIDATE_PRODUCT = YES;
			};
			name = Release;
		};
		85D44E3626DFC90F003277AF /* Debug */ = {
			isa = XCBuildConfiguration;
			buildSettings = {
				ASSETCATALOG_COMPILER_APPICON_NAME = AppIcon;
				ASSETCATALOG_COMPILER_GLOBAL_ACCENT_COLOR_NAME = AccentColor;
				CODE_SIGN_STYLE = Automatic;
				DEVELOPMENT_ASSET_PATHS = "\"SwiftUIStudy/Preview Content\"";
				ENABLE_PREVIEWS = YES;
				INFOPLIST_FILE = SwiftUIStudy/Info.plist;
				IPHONEOS_DEPLOYMENT_TARGET = 14.0;
				LD_RUNPATH_SEARCH_PATHS = (
					"$(inherited)",
					"@executable_path/Frameworks",
				);
				PRODUCT_BUNDLE_IDENTIFIER = com.yeseul.SwiftUIStudy;
				PRODUCT_NAME = "$(TARGET_NAME)";
				SWIFT_VERSION = 5.0;
				TARGETED_DEVICE_FAMILY = "1,2";
			};
			name = Debug;
		};
		85D44E3726DFC90F003277AF /* Release */ = {
			isa = XCBuildConfiguration;
			buildSettings = {
				ASSETCATALOG_COMPILER_APPICON_NAME = AppIcon;
				ASSETCATALOG_COMPILER_GLOBAL_ACCENT_COLOR_NAME = AccentColor;
				CODE_SIGN_STYLE = Automatic;
				DEVELOPMENT_ASSET_PATHS = "\"SwiftUIStudy/Preview Content\"";
				ENABLE_PREVIEWS = YES;
				INFOPLIST_FILE = SwiftUIStudy/Info.plist;
				IPHONEOS_DEPLOYMENT_TARGET = 14.0;
				LD_RUNPATH_SEARCH_PATHS = (
					"$(inherited)",
					"@executable_path/Frameworks",
				);
				PRODUCT_BUNDLE_IDENTIFIER = com.yeseul.SwiftUIStudy;
				PRODUCT_NAME = "$(TARGET_NAME)";
				SWIFT_VERSION = 5.0;
				TARGETED_DEVICE_FAMILY = "1,2";
			};
			name = Release;
		};
		85D44E3926DFC90F003277AF /* Debug */ = {
			isa = XCBuildConfiguration;
			buildSettings = {
				ALWAYS_EMBED_SWIFT_STANDARD_LIBRARIES = YES;
				BUNDLE_LOADER = "$(TEST_HOST)";
				CODE_SIGN_STYLE = Automatic;
				INFOPLIST_FILE = SwiftUIStudyTests/Info.plist;
				IPHONEOS_DEPLOYMENT_TARGET = 14.0;
				LD_RUNPATH_SEARCH_PATHS = (
					"$(inherited)",
					"@executable_path/Frameworks",
					"@loader_path/Frameworks",
				);
				PRODUCT_BUNDLE_IDENTIFIER = com.yeseul.SwiftUIStudyTests;
				PRODUCT_NAME = "$(TARGET_NAME)";
				SWIFT_VERSION = 5.0;
				TARGETED_DEVICE_FAMILY = "1,2";
				TEST_HOST = "$(BUILT_PRODUCTS_DIR)/SwiftUIStudy.app/SwiftUIStudy";
			};
			name = Debug;
		};
		85D44E3A26DFC90F003277AF /* Release */ = {
			isa = XCBuildConfiguration;
			buildSettings = {
				ALWAYS_EMBED_SWIFT_STANDARD_LIBRARIES = YES;
				BUNDLE_LOADER = "$(TEST_HOST)";
				CODE_SIGN_STYLE = Automatic;
				INFOPLIST_FILE = SwiftUIStudyTests/Info.plist;
				IPHONEOS_DEPLOYMENT_TARGET = 14.0;
				LD_RUNPATH_SEARCH_PATHS = (
					"$(inherited)",
					"@executable_path/Frameworks",
					"@loader_path/Frameworks",
				);
				PRODUCT_BUNDLE_IDENTIFIER = com.yeseul.SwiftUIStudyTests;
				PRODUCT_NAME = "$(TARGET_NAME)";
				SWIFT_VERSION = 5.0;
				TARGETED_DEVICE_FAMILY = "1,2";
				TEST_HOST = "$(BUILT_PRODUCTS_DIR)/SwiftUIStudy.app/SwiftUIStudy";
			};
			name = Release;
		};
		85D44E3C26DFC90F003277AF /* Debug */ = {
			isa = XCBuildConfiguration;
			buildSettings = {
				ALWAYS_EMBED_SWIFT_STANDARD_LIBRARIES = YES;
				CODE_SIGN_STYLE = Automatic;
				INFOPLIST_FILE = SwiftUIStudyUITests/Info.plist;
				LD_RUNPATH_SEARCH_PATHS = (
					"$(inherited)",
					"@executable_path/Frameworks",
					"@loader_path/Frameworks",
				);
				PRODUCT_BUNDLE_IDENTIFIER = com.yeseul.SwiftUIStudyUITests;
				PRODUCT_NAME = "$(TARGET_NAME)";
				SWIFT_VERSION = 5.0;
				TARGETED_DEVICE_FAMILY = "1,2";
				TEST_TARGET_NAME = SwiftUIStudy;
			};
			name = Debug;
		};
		85D44E3D26DFC90F003277AF /* Release */ = {
			isa = XCBuildConfiguration;
			buildSettings = {
				ALWAYS_EMBED_SWIFT_STANDARD_LIBRARIES = YES;
				CODE_SIGN_STYLE = Automatic;
				INFOPLIST_FILE = SwiftUIStudyUITests/Info.plist;
				LD_RUNPATH_SEARCH_PATHS = (
					"$(inherited)",
					"@executable_path/Frameworks",
					"@loader_path/Frameworks",
				);
				PRODUCT_BUNDLE_IDENTIFIER = com.yeseul.SwiftUIStudyUITests;
				PRODUCT_NAME = "$(TARGET_NAME)";
				SWIFT_VERSION = 5.0;
				TARGETED_DEVICE_FAMILY = "1,2";
				TEST_TARGET_NAME = SwiftUIStudy;
			};
			name = Release;
		};
/* End XCBuildConfiguration section */

/* Begin XCConfigurationList section */
		85D44E0626DFC90B003277AF /* Build configuration list for PBXProject "SwiftUIStudy" */ = {
			isa = XCConfigurationList;
			buildConfigurations = (
				85D44E3326DFC90F003277AF /* Debug */,
				85D44E3426DFC90F003277AF /* Release */,
			);
			defaultConfigurationIsVisible = 0;
			defaultConfigurationName = Release;
		};
		85D44E3526DFC90F003277AF /* Build configuration list for PBXNativeTarget "SwiftUIStudy" */ = {
			isa = XCConfigurationList;
			buildConfigurations = (
				85D44E3626DFC90F003277AF /* Debug */,
				85D44E3726DFC90F003277AF /* Release */,
			);
			defaultConfigurationIsVisible = 0;
			defaultConfigurationName = Release;
		};
		85D44E3826DFC90F003277AF /* Build configuration list for PBXNativeTarget "SwiftUIStudyTests" */ = {
			isa = XCConfigurationList;
			buildConfigurations = (
				85D44E3926DFC90F003277AF /* Debug */,
				85D44E3A26DFC90F003277AF /* Release */,
			);
			defaultConfigurationIsVisible = 0;
			defaultConfigurationName = Release;
		};
		85D44E3B26DFC90F003277AF /* Build configuration list for PBXNativeTarget "SwiftUIStudyUITests" */ = {
			isa = XCConfigurationList;
			buildConfigurations = (
				85D44E3C26DFC90F003277AF /* Debug */,
				85D44E3D26DFC90F003277AF /* Release */,
			);
			defaultConfigurationIsVisible = 0;
			defaultConfigurationName = Release;
		};
/* End XCConfigurationList section */

/* Begin XCVersionGroup section */
		85D44E1926DFC90F003277AF /* SwiftUIStudy.xcdatamodeld */ = {
			isa = XCVersionGroup;
			children = (
				85D44E1A26DFC90F003277AF /* SwiftUIStudy.xcdatamodel */,
			);
			currentVersion = 85D44E1A26DFC90F003277AF /* SwiftUIStudy.xcdatamodel */;
			path = SwiftUIStudy.xcdatamodeld;
			sourceTree = "<group>";
			versionGroupType = wrapper.xcdatamodel;
		};
/* End XCVersionGroup section */
	};
	rootObject = 85D44E0326DFC90B003277AF /* Project object */;
}
